<?xml version="1.0" encoding="utf-8"?>
<Project ToolsVersion="4.0" xmlns="http://schemas.microsoft.com/developer/msbuild/2003">
  <ItemGroup>
    <Filter Include="Source Files">
      <UniqueIdentifier>{4FC737F1-C7A5-4376-A066-2A32D752A2FF}</UniqueIdentifier>
      <Extensions>cpp;c;cc;cxx;def;odl;idl;hpj;bat;asm;asmx</Extensions>
    </Filter>
    <Filter Include="Header Files">
      <UniqueIdentifier>{93995380-89BD-4b04-88EB-625FBE52EBFB}</UniqueIdentifier>
      <Extensions>h;hh;hpp;hxx;hm;inl;inc;xsd</Extensions>
    </Filter>
    <Filter Include="Resource Files">
      <UniqueIdentifier>{67DA6AB6-F800-4c08-8B7A-83BB121AAD01}</UniqueIdentifier>
      <Extensions>rc;ico;cur;bmp;dlg;rc2;rct;bin;rgs;gif;jpg;jpeg;jpe;resx;tiff;tif;png;wav;mfcribbon-ms</Extensions>
    </Filter>
    <Filter Include="Source Files\behaviours">
      <UniqueIdentifier>{fa575bf2-a273-4df7-9303-f37ee0f6f4dd}</UniqueIdentifier>
    </Filter>
  </ItemGroup>
  <ItemGroup>
    <ClCompile Include="source\WinMain.cpp">
      <Filter>Source Files</Filter>
    </ClCompile>
    <ClCompile Include="source\Agent.cpp">
      <Filter>Source Files</Filter>
    </ClCompile>
    <ClCompile Include="source\GameObject.cpp">
      <Filter>Source Files</Filter>
    </ClCompile>
    <ClCompile Include="source\IBehaviour.cpp">
      <Filter>Source Files</Filter>
    </ClCompile>
    <ClCompile Include="source\ObjectPool.cpp">
      <Filter>Source Files</Filter>
    </ClCompile>
    <ClCompile Include="source\TimeManager.cpp">
      <Filter>Source Files</Filter>
    </ClCompile>
    <ClCompile Include="source\Character.cpp">
      <Filter>Source Files</Filter>
    </ClCompile>
    <ClCompile Include="..\AStar\source\InputManager.cpp">
      <Filter>Source Files</Filter>
    </ClCompile>
    <ClCompile Include="source\Renderer.cpp">
      <Filter>Source Files</Filter>
    </ClCompile>
    <ClCompile Include="source\VectorMaths.cpp">
      <Filter>Source Files</Filter>
    </ClCompile>
    <ClCompile Include="source\Flee.cpp">
      <Filter>Source Files\behaviours</Filter>
    </ClCompile>
    <ClCompile Include="source\Flock.cpp">
      <Filter>Source Files\behaviours</Filter>
    </ClCompile>
    <ClCompile Include="source\Seek.cpp">
      <Filter>Source Files\behaviours</Filter>
    </ClCompile>
    <ClCompile Include="source\Wander.cpp">
      <Filter>Source Files\behaviours</Filter>
    </ClCompile>
    <ClCompile Include="source\Evade.cpp">
      <Filter>Source Files\behaviours</Filter>
    </ClCompile>
    <ClCompile Include="source\Pursue.cpp">
      <Filter>Source Files\behaviours</Filter>
    </ClCompile>
    <ClCompile Include="source\CopyMousePosition.cpp">
      <Filter>Source Files\behaviours</Filter>
    </ClCompile>
    <ClCompile Include="source\KeyboardControl.cpp">
      <Filter>Source Files\behaviours</Filter>
    </ClCompile>
    <ClCompile Include="source\SeekMouse.cpp">
      <Filter>Source Files\behaviours</Filter>
    </ClCompile>
    <ClCompile Include="source\Arrive.cpp">
      <Filter>Source Files\behaviours</Filter>
    </ClCompile>
    <ClCompile Include="source\Wall.cpp">
      <Filter>Source Files</Filter>
    </ClCompile>
    <ClCompile Include="source\Avoid.cpp">
      <Filter>Source Files\behaviours</Filter>
    </ClCompile>
    <ClCompile Include="source\SingleFile.cpp">
      <Filter>Source Files\behaviours</Filter>
    </ClCompile>
  </ItemGroup>
  <ItemGroup>
    <ClInclude Include="source\Agent.h">
      <Filter>Source Files</Filter>
    </ClInclude>
    <ClInclude Include="source\GameObject.h">
      <Filter>Source Files</Filter>
    </ClInclude>
    <ClInclude Include="source\IBehavior.h">
      <Filter>Source Files</Filter>
    </ClInclude>
    <ClInclude Include="source\ObjectPool.h">
      <Filter>Source Files</Filter>
    </ClInclude>
    <ClInclude Include="source\TimeManager.h">
      <Filter>Source Files</Filter>
    </ClInclude>
    <ClInclude Include="source\Character.h">
      <Filter>Source Files</Filter>
    </ClInclude>
    <ClInclude Include="..\AStar\source\InputManager.h">
      <Filter>Source Files</Filter>
    </ClInclude>
    <ClInclude Include="source\Renderer.h">
      <Filter>Source Files</Filter>
    </ClInclude>
    <ClInclude Include="source\VectorMaths.h">
      <Filter>Source Files</Filter>
    </ClInclude>
    <ClInclude Include="source\CopyMousePosition.h">
      <Filter>Source Files\behaviours</Filter>
    </ClInclude>
    <ClInclude Include="source\Flee.h">
      <Filter>Source Files\behaviours</Filter>
    </ClInclude>
    <ClInclude Include="source\Flock.h">
      <Filter>Source Files\behaviours</Filter>
    </ClInclude>
    <ClInclude Include="source\Seek.h">
      <Filter>Source Files\behaviours</Filter>
    </ClInclude>
    <ClInclude Include="source\Wander.h">
      <Filter>Source Files\behaviours</Filter>
    </ClInclude>
    <ClInclude Include="source\Pursue.h">
      <Filter>Source Files\behaviours</Filter>
    </ClInclude>
    <ClInclude Include="source\Evade.h">
      <Filter>Source Files\behaviours</Filter>
    </ClInclude>
    <ClInclude Include="source\KeyboardControl.h">
      <Filter>Source Files\behaviours</Filter>
    </ClInclude>
    <ClInclude Include="source\SeekMouse.h">
      <Filter>Source Files\behaviours</Filter>
    </ClInclude>
    <ClInclude Include="source\Arrive.h">
      <Filter>Source Files\behaviours</Filter>
    </ClInclude>
    <ClInclude Include="source\Wall.h">
      <Filter>Source Files</Filter>
    </ClInclude>
    <ClInclude Include="source\Avoid.h">
      <Filter>Source Files\behaviours</Filter>
    </ClInclude>
    <ClInclude Include="source\Behaviors.h">
      <Filter>Source Files\behaviours</Filter>
    </ClInclude>
    <ClInclude Include="source\SingleFile.h">
      <Filter>Source Files\behaviours</Filter>
    </ClInclude>
  </ItemGroup>
</Project>